// !$*UTF8*$!
{
	archiveVersion = 1;
	classes = {
	};
	objectVersion = 55;
	objects = {

/* Begin PBXBuildFile section */
		408FC52927BD8EF400EB886E /* MusicAppJaredApp.swift in Sources */ = {isa = PBXBuildFile; fileRef = 408FC52827BD8EF400EB886E /* MusicAppJaredApp.swift */; };
		408FC52B27BD8EF400EB886E /* ContentView.swift in Sources */ = {isa = PBXBuildFile; fileRef = 408FC52A27BD8EF400EB886E /* ContentView.swift */; };
		408FC52D27BD8EF400EB886E /* Assets.xcassets in Resources */ = {isa = PBXBuildFile; fileRef = 408FC52C27BD8EF400EB886E /* Assets.xcassets */; };
		408FC53027BD8EF400EB886E /* Preview Assets.xcassets in Resources */ = {isa = PBXBuildFile; fileRef = 408FC52F27BD8EF400EB886E /* Preview Assets.xcassets */; };
		408FC53A27BD8EF400EB886E /* MusicAppJaredTests.swift in Sources */ = {isa = PBXBuildFile; fileRef = 408FC53927BD8EF400EB886E /* MusicAppJaredTests.swift */; };
		408FC54427BD8EF500EB886E /* MusicAppJaredUITests.swift in Sources */ = {isa = PBXBuildFile; fileRef = 408FC54327BD8EF500EB886E /* MusicAppJaredUITests.swift */; };
		408FC54627BD8EF500EB886E /* MusicAppJaredUITestsLaunchTests.swift in Sources */ = {isa = PBXBuildFile; fileRef = 408FC54527BD8EF500EB886E /* MusicAppJaredUITestsLaunchTests.swift */; };
		408FC55327BD999900EB886E /* BlurEffect.swift in Sources */ = {isa = PBXBuildFile; fileRef = 408FC55227BD999900EB886E /* BlurEffect.swift */; };
		40B0CE8F27BEF6D2005A8878 /* PlayerView.swift in Sources */ = {isa = PBXBuildFile; fileRef = 40B0CE8E27BEF6D2005A8878 /* PlayerView.swift */; };
/* End PBXBuildFile section */

/* Begin PBXContainerItemProxy section */
		408FC53627BD8EF400EB886E /* PBXContainerItemProxy */ = {
			isa = PBXContainerItemProxy;
			containerPortal = 408FC51D27BD8EF400EB886E /* Project object */;
			proxyType = 1;
			remoteGlobalIDString = 408FC52427BD8EF400EB886E;
			remoteInfo = MusicAppJared;
		};
		408FC54027BD8EF500EB886E /* PBXContainerItemProxy */ = {
			isa = PBXContainerItemProxy;
			containerPortal = 408FC51D27BD8EF400EB886E /* Project object */;
			proxyType = 1;
			remoteGlobalIDString = 408FC52427BD8EF400EB886E;
			remoteInfo = MusicAppJared;
		};
/* End PBXContainerItemProxy section */

/* Begin PBXFileReference section */
		408FC52527BD8EF400EB886E /* MusicAppJared.app */ = {isa = PBXFileReference; explicitFileType = wrapper.application; includeInIndex = 0; path = MusicAppJared.app; sourceTree = BUILT_PRODUCTS_DIR; };
		408FC52827BD8EF400EB886E /* MusicAppJaredApp.swift */ = {isa = PBXFileReference; lastKnownFileType = sourcecode.swift; path = MusicAppJaredApp.swift; sourceTree = "<group>"; };
		408FC52A27BD8EF400EB886E /* ContentView.swift */ = {isa = PBXFileReference; lastKnownFileType = sourcecode.swift; path = ContentView.swift; sourceTree = "<group>"; };
		408FC52C27BD8EF400EB886E /* Assets.xcassets */ = {isa = PBXFileReference; lastKnownFileType = folder.assetcatalog; path = Assets.xcassets; sourceTree = "<group>"; };
		408FC52F27BD8EF400EB886E /* Preview Assets.xcassets */ = {isa = PBXFileReference; lastKnownFileType = folder.assetcatalog; path = "Preview Assets.xcassets"; sourceTree = "<group>"; };
		408FC53527BD8EF400EB886E /* MusicAppJaredTests.xctest */ = {isa = PBXFileReference; explicitFileType = wrapper.cfbundle; includeInIndex = 0; path = MusicAppJaredTests.xctest; sourceTree = BUILT_PRODUCTS_DIR; };
		408FC53927BD8EF400EB886E /* MusicAppJaredTests.swift */ = {isa = PBXFileReference; lastKnownFileType = sourcecode.swift; path = MusicAppJaredTests.swift; sourceTree = "<group>"; };
		408FC53F27BD8EF500EB886E /* MusicAppJaredUITests.xctest */ = {isa = PBXFileReference; explicitFileType = wrapper.cfbundle; includeInIndex = 0; path = MusicAppJaredUITests.xctest; sourceTree = BUILT_PRODUCTS_DIR; };
		408FC54327BD8EF500EB886E /* MusicAppJaredUITests.swift */ = {isa = PBXFileReference; lastKnownFileType = sourcecode.swift; path = MusicAppJaredUITests.swift; sourceTree = "<group>"; };
		408FC54527BD8EF500EB886E /* MusicAppJaredUITestsLaunchTests.swift */ = {isa = PBXFileReference; lastKnownFileType = sourcecode.swift; path = MusicAppJaredUITestsLaunchTests.swift; sourceTree = "<group>"; };
		408FC55227BD999900EB886E /* BlurEffect.swift */ = {isa = PBXFileReference; lastKnownFileType = sourcecode.swift; path = BlurEffect.swift; sourceTree = "<group>"; };
		40B0CE8E27BEF6D2005A8878 /* PlayerView.swift */ = {isa = PBXFileReference; lastKnownFileType = sourcecode.swift; path = PlayerView.swift; sourceTree = "<group>"; };
/* End PBXFileReference section */

/* Begin PBXFrameworksBuildPhase section */
		408FC52227BD8EF400EB886E /* Frameworks */ = {
			isa = PBXFrameworksBuildPhase;
			buildActionMask = 2147483647;
			files = (
			);
			runOnlyForDeploymentPostprocessing = 0;
		};
		408FC53227BD8EF400EB886E /* Frameworks */ = {
			isa = PBXFrameworksBuildPhase;
			buildActionMask = 2147483647;
			files = (
			);
			runOnlyForDeploymentPostprocessing = 0;
		};
		408FC53C27BD8EF500EB886E /* Frameworks */ = {
			isa = PBXFrameworksBuildPhase;
			buildActionMask = 2147483647;
			files = (
			);
			runOnlyForDeploymentPostprocessing = 0;
		};
/* End PBXFrameworksBuildPhase section */

/* Begin PBXGroup section */
		408FC51C27BD8EF400EB886E = {
			isa = PBXGroup;
			children = (
				408FC52727BD8EF400EB886E /* MusicAppJared */,
				408FC53827BD8EF400EB886E /* MusicAppJaredTests */,
				408FC54227BD8EF500EB886E /* MusicAppJaredUITests */,
				408FC52627BD8EF400EB886E /* Products */,
			);
			sourceTree = "<group>";
		};
		408FC52627BD8EF400EB886E /* Products */ = {
			isa = PBXGroup;
			children = (
				408FC52527BD8EF400EB886E /* MusicAppJared.app */,
				408FC53527BD8EF400EB886E /* MusicAppJaredTests.xctest */,
				408FC53F27BD8EF500EB886E /* MusicAppJaredUITests.xctest */,
			);
			name = Products;
			sourceTree = "<group>";
		};
		408FC52727BD8EF400EB886E /* MusicAppJared */ = {
			isa = PBXGroup;
			children = (
				408FC52827BD8EF400EB886E /* MusicAppJaredApp.swift */,
				408FC52A27BD8EF400EB886E /* ContentView.swift */,
				40B0CE8E27BEF6D2005A8878 /* PlayerView.swift */,
				408FC55227BD999900EB886E /* BlurEffect.swift */,
				408FC52C27BD8EF400EB886E /* Assets.xcassets */,
				408FC52E27BD8EF400EB886E /* Preview Content */,
			);
			path = MusicAppJared;
			sourceTree = "<group>";
		};
		408FC52E27BD8EF400EB886E /* Preview Content */ = {
			isa = PBXGroup;
			children = (
				408FC52F27BD8EF400EB886E /* Preview Assets.xcassets */,
			);
			path = "Preview Content";
			sourceTree = "<group>";
		};
		408FC53827BD8EF400EB886E /* MusicAppJaredTests */ = {
			isa = PBXGroup;
			children = (
				408FC53927BD8EF400EB886E /* MusicAppJaredTests.swift */,
			);
			path = MusicAppJaredTests;
			sourceTree = "<group>";
		};
		408FC54227BD8EF500EB886E /* MusicAppJaredUITests */ = {
			isa = PBXGroup;
			children = (
				408FC54327BD8EF500EB886E /* MusicAppJaredUITests.swift */,
				408FC54527BD8EF500EB886E /* MusicAppJaredUITestsLaunchTests.swift */,
			);
			path = MusicAppJaredUITests;
			sourceTree = "<group>";
		};
/* End PBXGroup section */

/* Begin PBXNativeTarget section */
		408FC52427BD8EF400EB886E /* MusicAppJared */ = {
			isa = PBXNativeTarget;
			buildConfigurationList = 408FC54927BD8EF500EB886E /* Build configuration list for PBXNativeTarget "MusicAppJared" */;
			buildPhases = (
				408FC52127BD8EF400EB886E /* Sources */,
				408FC52227BD8EF400EB886E /* Frameworks */,
				408FC52327BD8EF400EB886E /* Resources */,
			);
			buildRules = (
			);
			dependencies = (
			);
			name = MusicAppJared;
			productName = MusicAppJared;
			productReference = 408FC52527BD8EF400EB886E /* MusicAppJared.app */;
			productType = "com.apple.product-type.application";
		};
		408FC53427BD8EF400EB886E /* MusicAppJaredTests */ = {
			isa = PBXNativeTarget;
			buildConfigurationList = 408FC54C27BD8EF500EB886E /* Build configuration list for PBXNativeTarget "MusicAppJaredTests" */;
			buildPhases = (
				408FC53127BD8EF400EB886E /* Sources */,
				408FC53227BD8EF400EB886E /* Frameworks */,
				408FC53327BD8EF400EB886E /* Resources */,
			);
			buildRules = (
			);
			dependencies = (
				408FC53727BD8EF400EB886E /* PBXTargetDependency */,
			);
			name = MusicAppJaredTests;
			productName = MusicAppJaredTests;
			productReference = 408FC53527BD8EF400EB886E /* MusicAppJaredTests.xctest */;
			productType = "com.apple.product-type.bundle.unit-test";
		};
		408FC53E27BD8EF500EB886E /* MusicAppJaredUITests */ = {
			isa = PBXNativeTarget;
			buildConfigurationList = 408FC54F27BD8EF500EB886E /* Build configuration list for PBXNativeTarget "MusicAppJaredUITests" */;
			buildPhases = (
				408FC53B27BD8EF500EB886E /* Sources */,
				408FC53C27BD8EF500EB886E /* Frameworks */,
				408FC53D27BD8EF500EB886E /* Resources */,
			);
			buildRules = (
			);
			dependencies = (
				408FC54127BD8EF500EB886E /* PBXTargetDependency */,
			);
			name = MusicAppJaredUITests;
			productName = MusicAppJaredUITests;
			productReference = 408FC53F27BD8EF500EB886E /* MusicAppJaredUITests.xctest */;
			productType = "com.apple.product-type.bundle.ui-testing";
		};
/* End PBXNativeTarget section */

/* Begin PBXProject section */
		408FC51D27BD8EF400EB886E /* Project object */ = {
			isa = PBXProject;
			attributes = {
				BuildIndependentTargetsInParallel = 1;
				LastSwiftUpdateCheck = 1320;
				LastUpgradeCheck = 1320;
				TargetAttributes = {
					408FC52427BD8EF400EB886E = {
						CreatedOnToolsVersion = 13.2.1;
					};
					408FC53427BD8EF400EB886E = {
						CreatedOnToolsVersion = 13.2.1;
						TestTargetID = 408FC52427BD8EF400EB886E;
					};
					408FC53E27BD8EF500EB886E = {
						CreatedOnToolsVersion = 13.2.1;
						TestTargetID = 408FC52427BD8EF400EB886E;
					};
				};
			};
			buildConfigurationList = 408FC52027BD8EF400EB886E /* Build configuration list for PBXProject "MusicAppJared" */;
			compatibilityVersion = "Xcode 13.0";
			developmentRegion = en;
			hasScannedForEncodings = 0;
			knownRegions = (
				en,
				Base,
			);
			mainGroup = 408FC51C27BD8EF400EB886E;
			productRefGroup = 408FC52627BD8EF400EB886E /* Products */;
			projectDirPath = "";
			projectRoot = "";
			targets = (
				408FC52427BD8EF400EB886E /* MusicAppJared */,
				408FC53427BD8EF400EB886E /* MusicAppJaredTests */,
				408FC53E27BD8EF500EB886E /* MusicAppJaredUITests */,
			);
		};
/* End PBXProject section */

/* Begin PBXResourcesBuildPhase section */
		408FC52327BD8EF400EB886E /* Resources */ = {
			isa = PBXResourcesBuildPhase;
			buildActionMask = 2147483647;
			files = (
				408FC53027BD8EF400EB886E /* Preview Assets.xcassets in Resources */,
				408FC52D27BD8EF400EB886E /* Assets.xcassets in Resources */,
			);
			runOnlyForDeploymentPostprocessing = 0;
		};
		408FC53327BD8EF400EB886E /* Resources */ = {
			isa = PBXResourcesBuildPhase;
			buildActionMask = 2147483647;
			files = (
			);
			runOnlyForDeploymentPostprocessing = 0;
		};
		408FC53D27BD8EF500EB886E /* Resources */ = {
			isa = PBXResourcesBuildPhase;
			buildActionMask = 2147483647;
			files = (
			);
			runOnlyForDeploymentPostprocessing = 0;
		};
/* End PBXResourcesBuildPhase section */

/* Begin PBXSourcesBuildPhase section */
		408FC52127BD8EF400EB886E /* Sources */ = {
			isa = PBXSourcesBuildPhase;
			buildActionMask = 2147483647;
			files = (
				408FC55327BD999900EB886E /* BlurEffect.swift in Sources */,
				408FC52B27BD8EF400EB886E /* ContentView.swift in Sources */,
				408FC52927BD8EF400EB886E /* MusicAppJaredApp.swift in Sources */,
				40B0CE8F27BEF6D2005A8878 /* PlayerView.swift in Sources */,
			);
			runOnlyForDeploymentPostprocessing = 0;
		};
		408FC53127BD8EF400EB886E /* Sources */ = {
			isa = PBXSourcesBuildPhase;
			buildActionMask = 2147483647;
			files = (
				408FC53A27BD8EF400EB886E /* MusicAppJaredTests.swift in Sources */,
			);
			runOnlyForDeploymentPostprocessing = 0;
		};
		408FC53B27BD8EF500EB886E /* Sources */ = {
			isa = PBXSourcesBuildPhase;
			buildActionMask = 2147483647;
			files = (
				408FC54427BD8EF500EB886E /* MusicAppJaredUITests.swift in Sources */,
				408FC54627BD8EF500EB886E /* MusicAppJaredUITestsLaunchTests.swift in Sources */,
			);
			runOnlyForDeploymentPostprocessing = 0;
		};
/* End PBXSourcesBuildPhase section */

/* Begin PBXTargetDependency section */
		408FC53727BD8EF400EB886E /* PBXTargetDependency */ = {
			isa = PBXTargetDependency;
			target = 408FC52427BD8EF400EB886E /* MusicAppJared */;
			targetProxy = 408FC53627BD8EF400EB886E /* PBXContainerItemProxy */;
		};
		408FC54127BD8EF500EB886E /* PBXTargetDependency */ = {
			isa = PBXTargetDependency;
			target = 408FC52427BD8EF400EB886E /* MusicAppJared */;
			targetProxy = 408FC54027BD8EF500EB886E /* PBXContainerItemProxy */;
		};
/* End PBXTargetDependency section */

/* Begin XCBuildConfiguration section */
		408FC54727BD8EF500EB886E /* Debug */ = {
			isa = XCBuildConfiguration;
			buildSettings = {
				ALWAYS_SEARCH_USER_PATHS = NO;
				CLANG_ANALYZER_NONNULL = YES;
				CLANG_ANALYZER_NUMBER_OBJECT_CONVERSION = YES_AGGRESSIVE;
				CLANG_CXX_LANGUAGE_STANDARD = "gnu++17";
				CLANG_CXX_LIBRARY = "libc++";
				CLANG_ENABLE_MODULES = YES;
				CLANG_ENABLE_OBJC_ARC = YES;
				CLANG_ENABLE_OBJC_WEAK = YES;
				CLANG_WARN_BLOCK_CAPTURE_AUTORELEASING = YES;
				CLANG_WARN_BOOL_CONVERSION = YES;
				CLANG_WARN_COMMA = YES;
				CLANG_WARN_CONSTANT_CONVERSION = YES;
				CLANG_WARN_DEPRECATED_OBJC_IMPLEMENTATIONS = YES;
				CLANG_WARN_DIRECT_OBJC_ISA_USAGE = YES_ERROR;
				CLANG_WARN_DOCUMENTATION_COMMENTS = YES;
				CLANG_WARN_EMPTY_BODY = YES;
				CLANG_WARN_ENUM_CONVERSION = YES;
				CLANG_WARN_INFINITE_RECURSION = YES;
				CLANG_WARN_INT_CONVERSION = YES;
				CLANG_WARN_NON_LITERAL_NULL_CONVERSION = YES;
				CLANG_WARN_OBJC_IMPLICIT_RETAIN_SELF = YES;
				CLANG_WARN_OBJC_LITERAL_CONVERSION = YES;
				CLANG_WARN_OBJC_ROOT_CLASS = YES_ERROR;
				CLANG_WARN_QUOTED_INCLUDE_IN_FRAMEWORK_HEADER = YES;
				CLANG_WARN_RANGE_LOOP_ANALYSIS = YES;
				CLANG_WARN_STRICT_PROTOTYPES = YES;
				CLANG_WARN_SUSPICIOUS_MOVE = YES;
				CLANG_WARN_UNGUARDED_AVAILABILITY = YES_AGGRESSIVE;
				CLANG_WARN_UNREACHABLE_CODE = YES;
				CLANG_WARN__DUPLICATE_METHOD_MATCH = YES;
				COPY_PHASE_STRIP = NO;
				DEBUG_INFORMATION_FORMAT = dwarf;
				ENABLE_STRICT_OBJC_MSGSEND = YES;
				ENABLE_TESTABILITY = YES;
				GCC_C_LANGUAGE_STANDARD = gnu11;
				GCC_DYNAMIC_NO_PIC = NO;
				GCC_NO_COMMON_BLOCKS = YES;
				GCC_OPTIMIZATION_LEVEL = 0;
				GCC_PREPROCESSOR_DEFINITIONS = (
					"DEBUG=1",
					"$(inherited)",
				);
				GCC_WARN_64_TO_32_BIT_CONVERSION = YES;
				GCC_WARN_ABOUT_RETURN_TYPE = YES_ERROR;
				GCC_WARN_UNDECLARED_SELECTOR = YES;
				GCC_WARN_UNINITIALIZED_AUTOS = YES_AGGRESSIVE;
				GCC_WARN_UNUSED_FUNCTION = YES;
				GCC_WARN_UNUSED_VARIABLE = YES;
				IPHONEOS_DEPLOYMENT_TARGET = 15.2;
				MTL_ENABLE_DEBUG_INFO = INCLUDE_SOURCE;
				MTL_FAST_MATH = YES;
				ONLY_ACTIVE_ARCH = YES;
				SDKROOT = iphoneos;
				SWIFT_ACTIVE_COMPILATION_CONDITIONS = DEBUG;
				SWIFT_OPTIMIZATION_LEVEL = "-Onone";
			};
			name = Debug;
		};
		408FC54827BD8EF500EB886E /* Release */ = {
			isa = XCBuildConfiguration;
			buildSettings = {
				ALWAYS_SEARCH_USER_PATHS = NO;
				CLANG_ANALYZER_NONNULL = YES;
				CLANG_ANALYZER_NUMBER_OBJECT_CONVERSION = YES_AGGRESSIVE;
				CLANG_CXX_LANGUAGE_STANDARD = "gnu++17";
				CLANG_CXX_LIBRARY = "libc++";
				CLANG_ENABLE_MODULES = YES;
				CLANG_ENABLE_OBJC_ARC = YES;
				CLANG_ENABLE_OBJC_WEAK = YES;
				CLANG_WARN_BLOCK_CAPTURE_AUTORELEASING = YES;
				CLANG_WARN_BOOL_CONVERSION = YES;
				CLANG_WARN_COMMA = YES;
				CLANG_WARN_CONSTANT_CONVERSION = YES;
				CLANG_WARN_DEPRECATED_OBJC_IMPLEMENTATIONS = YES;
				CLANG_WARN_DIRECT_OBJC_ISA_USAGE = YES_ERROR;
				CLANG_WARN_DOCUMENTATION_COMMENTS = YES;
				CLANG_WARN_EMPTY_BODY = YES;
				CLANG_WARN_ENUM_CONVERSION = YES;
				CLANG_WARN_INFINITE_RECURSION = YES;
				CLANG_WARN_INT_CONVERSION = YES;
				CLANG_WARN_NON_LITERAL_NULL_CONVERSION = YES;
				CLANG_WARN_OBJC_IMPLICIT_RETAIN_SELF = YES;
				CLANG_WARN_OBJC_LITERAL_CONVERSION = YES;
				CLANG_WARN_OBJC_ROOT_CLASS = YES_ERROR;
				CLANG_WARN_QUOTED_INCLUDE_IN_FRAMEWORK_HEADER = YES;
				CLANG_WARN_RANGE_LOOP_ANALYSIS = YES;
				CLANG_WARN_STRICT_PROTOTYPES = YES;
				CLANG_WARN_SUSPICIOUS_MOVE = YES;
				CLANG_WARN_UNGUARDED_AVAILABILITY = YES_AGGRESSIVE;
				CLANG_WARN_UNREACHABLE_CODE = YES;
				CLANG_WARN__DUPLICATE_METHOD_MATCH = YES;
				COPY_PHASE_STRIP = NO;
				DEBUG_INFORMATION_FORMAT = "dwarf-with-dsym";
				ENABLE_NS_ASSERTIONS = NO;
				ENABLE_STRICT_OBJC_MSGSEND = YES;
				GCC_C_LANGUAGE_STANDARD = gnu11;
				GCC_NO_COMMON_BLOCKS = YES;
				GCC_WARN_64_TO_32_BIT_CONVERSION = YES;
				GCC_WARN_ABOUT_RETURN_TYPE = YES_ERROR;
				GCC_WARN_UNDECLARED_SELECTOR = YES;
				GCC_WARN_UNINITIALIZED_AUTOS = YES_AGGRESSIVE;
				GCC_WARN_UNUSED_FUNCTION = YES;
				GCC_WARN_UNUSED_VARIABLE = YES;
				IPHONEOS_DEPLOYMENT_TARGET = 15.2;
				MTL_ENABLE_DEBUG_INFO = NO;
				MTL_FAST_MATH = YES;
				SDKROOT = iphoneos;
				SWIFT_COMPILATION_MODE = wholemodule;
				SWIFT_OPTIMIZATION_LEVEL = "-O";
				VALIDATE_PRODUCT = YES;
			};
			name = Release;
		};
		408FC54A27BD8EF500EB886E /* Debug */ = {
			isa = XCBuildConfiguration;
			buildSettings = {
				ASSETCATALOG_COMPILER_APPICON_NAME = AppIcon;
				ASSETCATALOG_COMPILER_GLOBAL_ACCENT_COLOR_NAME = AccentColor;
				CODE_SIGN_STYLE = Automatic;
				CURRENT_PROJECT_VERSION = 1;
				DEVELOPMENT_ASSET_PATHS = "\"MusicAppJared/Preview Content\"";
				DEVELOPMENT_TEAM = V8KCB7ZY67;
				ENABLE_PREVIEWS = YES;
				GENERATE_INFOPLIST_FILE = YES;
				INFOPLIST_KEY_UIApplicationSceneManifest_Generation = YES;
				INFOPLIST_KEY_UIApplicationSupportsIndirectInputEvents = YES;
				INFOPLIST_KEY_UILaunchScreen_Generation = YES;
				INFOPLIST_KEY_UISupportedInterfaceOrientations_iPad = "UIInterfaceOrientationPortrait UIInterfaceOrientationPortraitUpsideDown UIInterfaceOrientationLandscapeLeft UIInterfaceOrientationLandscapeRight";
				INFOPLIST_KEY_UISupportedInterfaceOrientations_iPhone = "UIInterfaceOrientationPortrait UIInterfaceOrientationLandscapeLeft UIInterfaceOrientationLandscapeRight";
				LD_RUNPATH_SEARCH_PATHS = (
					"$(inherited)",
					"@executable_path/Frameworks",
				);
				MARKETING_VERSION = 1.0;
				PRODUCT_BUNDLE_IDENTIFIER = de.kunruh.MusicAppJared;
				PRODUCT_NAME = MusicAppJared;
				SWIFT_EMIT_LOC_STRINGS = YES;
				SWIFT_VERSION = 5.0;
				TARGETED_DEVICE_FAMILY = "1,2";
			};
			name = Debug;
		};
		408FC54B27BD8EF500EB886E /* Release */ = {
			isa = XCBuildConfiguration;
			buildSettings = {
				ASSETCATALOG_COMPILER_APPICON_NAME = AppIcon;
				ASSETCATALOG_COMPILER_GLOBAL_ACCENT_COLOR_NAME = AccentColor;
				CODE_SIGN_STYLE = Automatic;
				CURRENT_PROJECT_VERSION = 1;
				DEVELOPMENT_ASSET_PATHS = "\"MusicAppJared/Preview Content\"";
				DEVELOPMENT_TEAM = V8KCB7ZY67;
				ENABLE_PREVIEWS = YES;
				GENERATE_INFOPLIST_FILE = YES;
				INFOPLIST_KEY_UIApplicationSceneManifest_Generation = YES;
				INFOPLIST_KEY_UIApplicationSupportsIndirectInputEvents = YES;
				INFOPLIST_KEY_UILaunchScreen_Generation = YES;
				INFOPLIST_KEY_UISupportedInterfaceOrientations_iPad = "UIInterfaceOrientationPortrait UIInterfaceOrientationPortraitUpsideDown UIInterfaceOrientationLandscapeLeft UIInterfaceOrientationLandscapeRight";
				INFOPLIST_KEY_UISupportedInterfaceOrientations_iPhone = "UIInterfaceOrientationPortrait UIInterfaceOrientationLandscapeLeft UIInterfaceOrientationLandscapeRight";
				LD_RUNPATH_SEARCH_PATHS = (
					"$(inherited)",
					"@executable_path/Frameworks",
				);
				MARKETING_VERSION = 1.0;
				PRODUCT_BUNDLE_IDENTIFIER = de.kunruh.MusicAppJared;
				PRODUCT_NAME = MusicAppJared;
				SWIFT_EMIT_LOC_STRINGS = YES;
				SWIFT_VERSION = 5.0;
				TARGETED_DEVICE_FAMILY = "1,2";
			};
			name = Release;
		};
		408FC54D27BD8EF500EB886E /* Debug */ = {
			isa = XCBuildConfiguration;
			buildSettings = {
				ALWAYS_EMBED_SWIFT_STANDARD_LIBRARIES = YES;
				BUNDLE_LOADER = "$(TEST_HOST)";
				CODE_SIGN_STYLE = Automatic;
				CURRENT_PROJECT_VERSION = 1;
				DEVELOPMENT_TEAM = V8KCB7ZY67;
				GENERATE_INFOPLIST_FILE = YES;
				IPHONEOS_DEPLOYMENT_TARGET = 15.2;
				MARKETING_VERSION = 1.0;
				PRODUCT_BUNDLE_IDENTIFIER = de.kunruh.MusicAppJaredTests;
				PRODUCT_NAME = "$(TARGET_NAME)";
				SWIFT_EMIT_LOC_STRINGS = NO;
				SWIFT_VERSION = 5.0;
				TARGETED_DEVICE_FAMILY = "1,2";
				TEST_HOST = "$(BUILT_PRODUCTS_DIR)/MusicAppJared.app/MusicAppJared";
			};
			name = Debug;
		};
		408FC54E27BD8EF500EB886E /* Release */ = {
			isa = XCBuildConfiguration;
			buildSettings = {
				ALWAYS_EMBED_SWIFT_STANDARD_LIBRARIES = YES;
				BUNDLE_LOADER = "$(TEST_HOST)";
				CODE_SIGN_STYLE = Automatic;
				CURRENT_PROJECT_VERSION = 1;
				DEVELOPMENT_TEAM = V8KCB7ZY67;
				GENERATE_INFOPLIST_FILE = YES;
				IPHONEOS_DEPLOYMENT_TARGET = 15.2;
				MARKETING_VERSION = 1.0;
				PRODUCT_BUNDLE_IDENTIFIER = de.kunruh.MusicAppJaredTests;
				PRODUCT_NAME = "$(TARGET_NAME)";
				SWIFT_EMIT_LOC_STRINGS = NO;
				SWIFT_VERSION = 5.0;
				TARGETED_DEVICE_FAMILY = "1,2";
				TEST_HOST = "$(BUILT_PRODUCTS_DIR)/MusicAppJared.app/MusicAppJared";
			};
			name = Release;
		};
		408FC55027BD8EF500EB886E /* Debug */ = {
			isa = XCBuildConfiguration;
			buildSettings = {
				ALWAYS_EMBED_SWIFT_STANDARD_LIBRARIES = YES;
				CODE_SIGN_STYLE = Automatic;
				CURRENT_PROJECT_VERSION = 1;
				DEVELOPMENT_TEAM = V8KCB7ZY67;
				GENERATE_INFOPLIST_FILE = YES;
				MARKETING_VERSION = 1.0;
				PRODUCT_BUNDLE_IDENTIFIER = de.kunruh.MusicAppJaredUITests;
				PRODUCT_NAME = "$(TARGET_NAME)";
				SWIFT_EMIT_LOC_STRINGS = NO;
				SWIFT_VERSION = 5.0;
				TARGETED_DEVICE_FAMILY = "1,2";
				TEST_TARGET_NAME = MusicAppJared;
			};
			name = Debug;
		};
		408FC55127BD8EF500EB886E /* Release */ = {
			isa = XCBuildConfiguration;
			buildSettings = {
				ALWAYS_EMBED_SWIFT_STANDARD_LIBRARIES = YES;
				CODE_SIGN_STYLE = Automatic;
				CURRENT_PROJECT_VERSION = 1;
				DEVELOPMENT_TEAM = V8KCB7ZY67;
				GENERATE_INFOPLIST_FILE = YES;
				MARKETING_VERSION = 1.0;
				PRODUCT_BUNDLE_IDENTIFIER = de.kunruh.MusicAppJaredUITests;
				PRODUCT_NAME = "$(TARGET_NAME)";
				SWIFT_EMIT_LOC_STRINGS = NO;
				SWIFT_VERSION = 5.0;
				TARGETED_DEVICE_FAMILY = "1,2";
				TEST_TARGET_NAME = MusicAppJared;
			};
			name = Release;
		};
/* End XCBuildConfiguration section */

/* Begin XCConfigurationList section */
		408FC52027BD8EF400EB886E /* Build configuration list for PBXProject "MusicAppJared" */ = {
			isa = XCConfigurationList;
			buildConfigurations = (
				408FC54727BD8EF500EB886E /* Debug */,
				408FC54827BD8EF500EB886E /* Release */,
			);
			defaultConfigurationIsVisible = 0;
			defaultConfigurationName = Release;
		};
		408FC54927BD8EF500EB886E /* Build configuration list for PBXNativeTarget "MusicAppJared" */ = {
			isa = XCConfigurationList;
			buildConfigurations = (
				408FC54A27BD8EF500EB886E /* Debug */,
				408FC54B27BD8EF500EB886E /* Release */,
			);
			defaultConfigurationIsVisible = 0;
			defaultConfigurationName = Release;
		};
		408FC54C27BD8EF500EB886E /* Build configuration list for PBXNativeTarget "MusicAppJaredTests" */ = {
			isa = XCConfigurationList;
			buildConfigurations = (
				408FC54D27BD8EF500EB886E /* Debug */,
				408FC54E27BD8EF500EB886E /* Release */,
			);
			defaultConfigurationIsVisible = 0;
			defaultConfigurationName = Release;
		};
		408FC54F27BD8EF500EB886E /* Build configuration list for PBXNativeTarget "MusicAppJaredUITests" */ = {
			isa = XCConfigurationList;
			buildConfigurations = (
				408FC55027BD8EF500EB886E /* Debug */,
				408FC55127BD8EF500EB886E /* Release */,
			);
			defaultConfigurationIsVisible = 0;
			defaultConfigurationName = Release;
		};
/* End XCConfigurationList section */
	};
	rootObject = 408FC51D27BD8EF400EB886E /* Project object */;
}
